
Microsoft Visual Studio Solution File, Format Version 12.00
# Visual Studio Version 16
VisualStudioVersion = 16.0.36107.64
MinimumVisualStudioVersion = 10.0.40219.1
Project("{FAE04EC0-301F-11D3-BF4B-00C04F79EFBC}") = "Test project", "Test project\Test project.csproj", "{46FBA70D-DF27-4C6D-9093-C6A6C0719B0E}"
EndProject
Global
	GlobalSection(SolutionConfigurationPlatforms) = preSolution
		Debug|Any CPU = Debug|Any CPU
		Release|Any CPU = Release|Any CPU
	EndGlobalSection
	GlobalSection(ProjectConfigurationPlatforms) = postSolution
		{46FBA70D-DF27-4C6D-9093-C6A6C0719B0E}.Debug|Any CPU.ActiveCfg = Debug|Any CPU
		{46FBA70D-DF27-4C6D-9093-C6A6C0719B0E}.Debug|Any CPU.Build.0 = Debug|Any CPU
		{46FBA70D-DF27-4C6D-9093-C6A6C0719B0E}.Release|Any CPU.ActiveCfg = Release|Any CPU
		{46FBA70D-DF27-4C6D-9093-C6A6C0719B0E}.Release|Any CPU.Build.0 = Release|Any CPU
	EndGlobalSection
	GlobalSection(SolutionProperties) = preSolution
		HideSolutionNode = FALSE
	EndGlobalSection
	GlobalSection(ExtensibilityGlobals) = postSolution
		SolutionGuid = {0A0C0D13-F0AB-427B-ABF2-1E08C5E88087}
	EndGlobalSection
EndGlobal
