
Microsoft Visual Studio Solution File, Format Version 12.00
# Visual Studio Version 16
VisualStudioVersion = 16.0.36107.64
MinimumVisualStudioVersion = 10.0.40219.1
Project("{FAE04EC0-301F-11D3-BF4B-00C04F79EFBC}") = "fdkjsdfkjhds", "fdkjsdfkjhds\fdkjsdfkjhds.csproj", "{9374CE52-5962-4499-A2FD-96F0A67762D1}"
EndProject
Project("{FAE04EC0-301F-11D3-BF4B-00C04F79EFBC}") = "ConsoleAppSumNumbers", "ConsoleAppSumNumbers\ConsoleAppSumNumbers.csproj", "{5A927911-6957-401A-806A-9437AAC147FF}"
EndProject
Global
	GlobalSection(SolutionConfigurationPlatforms) = preSolution
		Debug|Any CPU = Debug|Any CPU
		Release|Any CPU = Release|Any CPU
	EndGlobalSection
	GlobalSection(ProjectConfigurationPlatforms) = postSolution
		{9374CE52-5962-4499-A2FD-96F0A67762D1}.Debug|Any CPU.ActiveCfg = Debug|Any CPU
		{9374CE52-5962-4499-A2FD-96F0A67762D1}.Debug|Any CPU.Build.0 = Debug|Any CPU
		{9374CE52-5962-4499-A2FD-96F0A67762D1}.Release|Any CPU.ActiveCfg = Release|Any CPU
		{9374CE52-5962-4499-A2FD-96F0A67762D1}.Release|Any CPU.Build.0 = Release|Any CPU
		{5A927911-6957-401A-806A-9437AAC147FF}.Debug|Any CPU.ActiveCfg = Debug|Any CPU
		{5A927911-6957-401A-806A-9437AAC147FF}.Debug|Any CPU.Build.0 = Debug|Any CPU
		{5A927911-6957-401A-806A-9437AAC147FF}.Release|Any CPU.ActiveCfg = Release|Any CPU
		{5A927911-6957-401A-806A-9437AAC147FF}.Release|Any CPU.Build.0 = Release|Any CPU
	EndGlobalSection
	GlobalSection(SolutionProperties) = preSolution
		HideSolutionNode = FALSE
	EndGlobalSection
	GlobalSection(ExtensibilityGlobals) = postSolution
		SolutionGuid = {39E33570-0EA4-4B7B-AB88-503A9E0865E9}
	EndGlobalSection
EndGlobal
